# Generated by pub
# See https://dart.dev/tools/pub/glossary#lockfile
packages:
  archive:
    dependency: transitive
    description:
      name: archive
      sha256: "6c5bcd986e06b94e3c40244af471750840a3d2341d1f9763a1100a14add517b4"
      url: "https://pub.dev"
    source: hosted
    version: "4.3.0"
  args:
    dependency: transitive
    description:
      name: args
      sha256: d0481093c50b1da8910eb0bb301626d4d8eb7284aa739614d2b394ee09e3ea04
      url: "https://pub.dev"
    source: hosted
    version: "2.7.0"
  async:
    dependency: transitive
    description:
      name: async
      sha256: e2eb0491ba5ddb6177742d2da23904574082139b07c1e33b8503b9f46f3e1a37
      url: "https://pub.dev"
    source: hosted
    version: "2.13.1"
  boolean_selector:
    dependency: transitive
    description:
      name: boolean_selector
      sha256: "8aab1771e1243a5063b8b0ff68042d67334e3feab9e95b9490f9a6ebf73b42ea"
      url: "https://pub.dev"
    source: hosted
    version: "2.1.2"
  characters:
    dependency: transitive
    description:
      name: characters
      sha256: faf38497bda5ead2a8c7615f4f7939df04333478bf32e4173fcb06d428b5716b
      url: "https://pub.dev"
    source: hosted
    version: "1.4.1"
  clock:
    dependency: transitive
    description:
      name: clock
      sha256: e51d50bca3217c9a9fa2b41a30e4a38971133f5f9ec7a3d57bae095007f1d28e
      url: "https://pub.dev"
    source: hosted
    version: "1.1.3"
  collection:
    dependency: transitive
    description:
      name: collection
      sha256: "2f5709ae4d3d59dd8f7cd309b4e023046b57d8a6c82130785d2b0e5868084e76"
      url: "https://pub.dev"
    source: hosted
    version: "1.19.1"
  crypto:
    dependency: transitive
    description:
      name: crypto
      sha256: c8ea0233063ba03258fbcf2ca4d6dadfefe14f02fab57702265467a19f27fadf
      url: "https://pub.dev"
    source: hosted
    version: "3.0.7"
  csslib:
    dependency: transitive
    description:
      name: csslib
      sha256: "09bad715f418841f976c77db72d5398dc1253c21fb9c0c7f0b0b985860b2d58e"
      url: "https://pub.dev"
    source: hosted
    version: "1.0.2"
  cupertino_icons:
    dependency: "direct main"
    description:
      name: cupertino_icons
      sha256: "41e005c33bd814be4d3096aff55b1908d419fde52ca656c8c47719ec745873cd"
      url: "https://pub.dev"
    source: hosted
    version: "1.0.9"
  dart_earcut:
    dependency: transitive
    description:
      name: dart_earcut
      sha256: e485001bfc05dcbc437d7bfb666316182e3522d4c3f9668048e004d0eb2ce43b
      url: "https://pub.dev"
    source: hosted
    version: "1.2.0"
  dart_polylabel2:
    dependency: transitive
    description:
      name: dart_polylabel2
      sha256: "7eeab15ce72894e4bdba6a8765712231fc81be0bd95247de4ad9966abc57adc6"
      url: "https://pub.dev"
    source: hosted
    version: "1.0.0"
  dbus:
    dependency: transitive
    description:
      name: dbus
      sha256: a48d5da28e89bd02196e80d81ed8d7954923d00a0f4a68cc20b575038f023383
      url: "https://pub.dev"
    source: hosted
    version: "0.7.15"
  fake_async:
    dependency: transitive
    description:
      name: fake_async
      sha256: "5368f224a74523e8d2e7399ea1638b37aecfca824a3cc4dfdf77bf1fa905ac44"
      url: "https://pub.dev"
    source: hosted
    version: "1.3.3"
  ffi:
    dependency: transitive
    description:
      name: ffi
      sha256: "6d7fd89431262d8f3125e81b50d3847a091d846eafcd4fdb88dd06f36d705a45"
      url: "https://pub.dev"
    source: hosted
    version: "2.2.0"
  ffi_leak_tracker:
    dependency: transitive
    description:
      name: ffi_leak_tracker
      sha256: "4093d4ef9ca06ffe2786e73bfb25e22aa92112b9bb4ec941f11e3e6b61489a97"
      url: "https://pub.dev"
    source: hosted
    version: "0.1.2"
  fixnum:
    dependency: transitive
    description:
      name: fixnum
      sha256: b6dc7065e46c974bc7c5f143080a6764ec7a4be6da1285ececdc37be96de53be
      url: "https://pub.dev"
    source: hosted
    version: "1.1.1"
  flutter:
    dependency: "direct main"
    description: flutter
    source: sdk
    version: "0.0.0"
  flutter_lints:
    dependency: "direct dev"
    description:
      name: flutter_lints
      sha256: "3105dc8492f6183fb076ccf1f351ac3d60564bff92e20bfc4af9cc1651f4e7e1"
      url: "https://pub.dev"
    source: hosted
    version: "6.0.0"
  flutter_map:
    dependency: "direct main"
    description:
      name: flutter_map
      sha256: "9bbe5472f66ae648d2ca2efbce97fcaa04e71261fabd3e062f26728222d7f767"
      url: "https://pub.dev"
    source: hosted
    version: "8.3.2"
  flutter_plugin_android_lifecycle:
    dependency: transitive
    description:
      name: flutter_plugin_android_lifecycle
      sha256: "3854fe5e3bff0b113c658f260b90c95dea17c92db0f2addeac2e343dd9969785"
      url: "https://pub.dev"
    source: hosted
    version: "2.0.35"
  flutter_test:
    dependency: "direct dev"
    description: flutter
    source: sdk
    version: "0.0.0"
  flutter_web_plugins:
    dependency: transitive
    description: flutter
    source: sdk
    version: "0.0.0"
  geoclue:
    dependency: transitive
    description:
      name: geoclue
      sha256: c2a998c77474fc57aa00c6baa2928e58f4b267649057a1c76738656e9dbd2a7f
      url: "https://pub.dev"
    source: hosted
    version: "0.1.1"
  geolocator:
    dependency: "direct main"
    description:
      name: geolocator
      sha256: "4e41ad6bc072364ff01822531dac47936c065e5bf8f928f240a25bb51256ada0"
      url: "https://pub.dev"
    source: hosted
    version: "14.1.1"
  geolocator_android:
    dependency: transitive
    description:
      name: geolocator_android
      sha256: "1be90ea8aaaf9db8e7816b4fe0387f082ee8b5cf03355912dad90fb0a75717fa"
      url: "https://pub.dev"
    source: hosted
    version: "5.1.1+1"
  geolocator_apple:
    dependency: transitive
    description:
      name: geolocator_apple
      sha256: "853803d6bb1713c094e935b4a5ae5f19c0308acf81da13fa9ff84fb4c70c0b73"
      url: "https://pub.dev"
    source: hosted
    version: "2.3.14"
  geolocator_linux:
    dependency: transitive
    description:
      name: geolocator_linux
      sha256: "3da7420f11c3496511a5bd3c18fd67b88e5659f12e46b7ce00a788f6996e850a"
      url: "https://pub.dev"
    source: hosted
    version: "0.2.6"
  geolocator_platform_interface:
    dependency: transitive
    description:
      name: geolocator_platform_interface
      sha256: b640b6b687b14c66f51fe1130b1c2e8babbd408e0158052b92006b6675ca77fc
      url: "https://pub.dev"
    source: hosted
    version: "4.4.0"
  geolocator_web:
    dependency: transitive
    description:
      name: geolocator_web
      sha256: "19e485a0f8d6a88abcf9c53cba3a4105e14b7435ed8ac1c108c067b938fe8429"
      url: "https://pub.dev"
    source: hosted
    version: "4.1.4"
  geolocator_windows:
    dependency: transitive
    description:
      name: geolocator_windows
      sha256: "175435404d20278ffd220de83c2ca293b73db95eafbdc8131fe8609be1421eb6"
      url: "https://pub.dev"
    source: hosted
    version: "0.2.5"
  google_maps:
    dependency: transitive
    description:
      name: google_maps
      sha256: "6811afff50dc410b860622ac89df125f5be1eada3ad69197e4c24dd18f2ef0e0"
      url: "https://pub.dev"
    source: hosted
    version: "8.3.0"
  google_maps_flutter:
    dependency: "direct main"
    description:
      name: google_maps_flutter
      sha256: "90f9d01eb282f996769defff95f15ebd8650a79c7e105c42a51a23f1376df612"
      url: "https://pub.dev"
    source: hosted
    version: "2.18.0"
  google_maps_flutter_android:
    dependency: transitive
    description:
      name: google_maps_flutter_android
      sha256: "50bf2abde65d1abbb4505c709b20a6d5e36436b1c4830d1f36bfc20fbef091bd"
      url: "https://pub.dev"
    source: hosted
    version: "2.19.13"
  google_maps_flutter_ios:
    dependency: transitive
    description:
      name: google_maps_flutter_ios
      sha256: "9638557fa31d451d64c815d415b685f9959e314606bfa5daf2a77bc63f1eba04"
      url: "https://pub.dev"
    source: hosted
    version: "2.18.6"
  google_maps_flutter_platform_interface:
    dependency: transitive
    description:
      name: google_maps_flutter_platform_interface
      sha256: "574d35a89847731b10cd93e18e9374c8fcd30c6a868255f70bf7196ad71cdfb9"
      url: "https://pub.dev"
    source: hosted
    version: "2.16.1"
  google_maps_flutter_web:
    dependency: transitive
    description:
      name: google_maps_flutter_web
      sha256: "903db0e985e831d3883cf0971dd5b4dbee83468b748c3753dc94da0e9a269b93"
      url: "https://pub.dev"
    source: hosted
    version: "0.6.3+1"
  gsettings:
    dependency: transitive
    description:
      name: gsettings
      sha256: "1b0ce661f5436d2db1e51f3c4295a49849f03d304003a7ba177d01e3a858249c"
      url: "https://pub.dev"
    source: hosted
    version: "0.2.8"
  html:
    dependency: transitive
    description:
      name: html
      sha256: "43b67b8f43321ab066817dfac5619596c98bb1b61624e77203bb4351785f9699"
      url: "https://pub.dev"
    source: hosted
    version: "0.15.7"
  http:
    dependency: "direct main"
    description:
      name: http
      sha256: "87721a4a50b19c7f1d49001e51409bddc46303966ce89a65af4f4e6004896412"
      url: "https://pub.dev"
    source: hosted
    version: "1.6.0"
  http_parser:
    dependency: transitive
    description:
      name: http_parser
      sha256: "178d74305e7866013777bab2c3d8726205dc5a4dd935297175b19a23a2e66571"
      url: "https://pub.dev"
    source: hosted
    version: "4.1.2"
  intl:
    dependency: transitive
    description:
      name: intl
      sha256: "1ca20c894b1717686a2319b8548763d812bc0aabdac580420a44c5178c57a867"
      url: "https://pub.dev"
    source: hosted
    version: "0.20.3"
  jni:
    dependency: transitive
    description:
      name: jni
      sha256: "6b9ca0602fef0230e83149afbe3f9f8227e94f2bbe84a1da4f14d699742f402d"
      url: "https://pub.dev"
    source: hosted
    version: "1.1.0"
  jni_flutter:
    dependency: transitive
    description:
      name: jni_flutter
      sha256: b2310cdd4c18c65c081ab141a41efa94aa26c65431803703ece51996f174f351
      url: "https://pub.dev"
    source: hosted
    version: "1.0.3"
  jni_util:
    dependency: transitive
    description:
      name: jni_util
      sha256: "1ba86da04a5f2bf18fde2edb235587e70c5b0fc5bd4ba955f46b00942c3fc35f"
      url: "https://pub.dev"
    source: hosted
    version: "1.0.0"
  latlong2:
    dependency: "direct main"
    description:
      name: latlong2
      sha256: "84b776b100a84a684a0aaa3fa4dc2c9b1931c658de533701ee4e09bfa991f8dc"
      url: "https://pub.dev"
    source: hosted
    version: "0.10.1"
  leak_tracker:
    dependency: transitive
    description:
      name: leak_tracker
      sha256: "33e2e26bdd85a0112ec15400c8cbffea70d0f9c3407491f672a2fad47915e2de"
      url: "https://pub.dev"
    source: hosted
    version: "11.0.2"
  leak_tracker_flutter_testing:
    dependency: transitive
    description:
      name: leak_tracker_flutter_testing
      sha256: "1dbc140bb5a23c75ea9c4811222756104fbcd1a27173f0c34ca01e16bea473c1"
      url: "https://pub.dev"
    source: hosted
    version: "3.0.10"
  leak_tracker_testing:
    dependency: transitive
    description:
      name: leak_tracker_testing
      sha256: "8d5a2d49f4a66b49744b23b018848400d23e54caf9463f4eb20df3eb8acb2eb1"
      url: "https://pub.dev"
    source: hosted
    version: "3.0.2"
  lints:
    dependency: transitive
    description:
      name: lints
      sha256: "12f842a479589fea194fe5c5a3095abc7be0c1f2ddfa9a0e76aed1dbd26a87df"
      url: "https://pub.dev"
    source: hosted
    version: "6.1.0"
  logging:
    dependency: transitive
    description:
      name: logging
      sha256: c8245ada5f1717ed44271ed1c26b8ce85ca3228fd2ffdb75468ab01979309d61
      url: "https://pub.dev"
    source: hosted
    version: "1.3.0"
  matcher:
    dependency: transitive
    description:
      name: matcher
      sha256: "31bd099b47c10cd1aeb55146a2d46ce0277630ecef3f7dae54ad7873f36696cd"
      url: "https://pub.dev"
    source: hosted
    version: "0.12.20"
  material_color_utilities:
    dependency: transitive
    description:
      name: material_color_utilities
      sha256: "9c337007e82b1889149c82ed242ed1cb24a66044e30979c44912381e9be4c48b"
      url: "https://pub.dev"
    source: hosted
    version: "0.13.0"
  meta:
    dependency: transitive
    description:
      name: meta
      sha256: c82594181e3312f3d0695fc95aaaf7758d75b8d4ae2bbecf223b9fd5109a059d
      url: "https://pub.dev"
    source: hosted
    version: "1.18.3"
  mgrs_dart:
    dependency: transitive
    description:
      name: mgrs_dart
      sha256: "385e7168ecc77eb545220223c49eef8ab249da7bf57f22781c40a04d23fb196f"
      url: "https://pub.dev"
    source: hosted
    version: "3.0.0"
  nested:
    dependency: transitive
    description:
      name: nested
      sha256: "03bac4c528c64c95c722ec99280375a6f2fc708eec17c7b3f07253b626cd2a20"
      url: "https://pub.dev"
    source: hosted
    version: "1.0.0"
  package_config:
    dependency: transitive
    description:
      name: package_config
      sha256: ffcf4cf3d6c0b74ac43708d9f56625506e8a68aa935abe9d267a7330f320eb5d
      url: "https://pub.dev"
    source: hosted
    version: "3.0.0"
  package_info_plus:
    dependency: transitive
    description:
      name: package_info_plus
      sha256: "73ef2cd5c11a7548f9b7f6fc2a4f6113de2e64aa2a70de63feede95548822908"
      url: "https://pub.dev"
    source: hosted
    version: "10.2.2"
  package_info_plus_platform_interface:
    dependency: transitive
    description:
      name: package_info_plus_platform_interface
      sha256: db762cb2f4f25ee60fb6359773861b0f199e00b90d237bd85a76a1e806b46ef4
      url: "https://pub.dev"
    source: hosted
    version: "4.1.0"
  path:
    dependency: transitive
    description:
      name: path
      sha256: "75cca69d1490965be98c73ceaea117e8a04dd21217b37b292c9ddbec0d955bc5"
      url: "https://pub.dev"
    source: hosted
    version: "1.9.1"
  path_provider:
    dependency: transitive
    description:
      name: path_provider
      sha256: a7f4874f987173da295a61c181b8ee71dab59b332a486b391babf26a1b884825
      url: "https://pub.dev"
    source: hosted
    version: "2.1.6"
  path_provider_android:
    dependency: transitive
    description:
      name: path_provider_android
      sha256: "69cbd515a62b94d32a7944f086b2f82b4ac40a1d45bebfc00813a430ab2dabcd"
      url: "https://pub.dev"
    source: hosted
    version: "2.3.1"
  path_provider_foundation:
    dependency: "direct overridden"
    description:
      name: path_provider_foundation
      sha256: "16eef174aacb07e09c351502740fa6254c165757638eba1e9116b0a781201bbd"
      url: "https://pub.dev"
    source: hosted
    version: "2.4.2"
  path_provider_linux:
    dependency: transitive
    description:
      name: path_provider_linux
      sha256: "58c2005f147315b11e9b4a7bc889cd5203e250cba8e3f012dae259b4972b5c16"
      url: "https://pub.dev"
    source: hosted
    version: "2.2.2"
  path_provider_platform_interface:
    dependency: transitive
    description:
      name: path_provider_platform_interface
      sha256: "484838772624c3a4b94f1e44a3e19897fee738f2d5c4ce448443b0417f7c9dda"
      url: "https://pub.dev"
    source: hosted
    version: "2.1.3"
  path_provider_windows:
    dependency: transitive
    description:
      name: path_provider_windows
      sha256: bd6f00dbd873bfb70d0761682da2b3a2c2fccc2b9e84c495821639601d81afe7
      url: "https://pub.dev"
    source: hosted
    version: "2.3.0"
  petitparser:
    dependency: transitive
    description:
      name: petitparser
      sha256: "91bd59303e9f769f108f8df05e371341b15d59e995e6806aefab827b58336675"
      url: "https://pub.dev"
    source: hosted
    version: "7.0.2"
  platform:
    dependency: transitive
    description:
      name: platform
      sha256: a36d119c13416516a7b5913fbe8af8531e11633d784c550b2125f76c758524ec
      url: "https://pub.dev"
    source: hosted
    version: "3.2.0"
  plugin_platform_interface:
    dependency: transitive
    description:
      name: plugin_platform_interface
      sha256: "4820fbfdb9478b1ebae27888254d445073732dae3d6ea81f0b7e06d5dedc3f02"
      url: "https://pub.dev"
    source: hosted
    version: "2.1.8"
  posix:
    dependency: transitive
    description:
      name: posix
      sha256: bc1bad54ad2b735816e31f8d4600cfde6c7839975085ddfbca48b6c9f7c4044e
      url: "https://pub.dev"
    source: hosted
    version: "6.5.2"
  proj4dart:
    dependency: transitive
    description:
      name: proj4dart
      sha256: ddcedc1f7876e62717de43ab3491e2829bdad0b028261805f94aa080967e5859
      url: "https://pub.dev"
    source: hosted
    version: "3.0.0"
  provider:
    dependency: "direct main"
    description:
      name: provider
      sha256: "4e82183fa20e5ca25703ead7e05de9e4cceed1fbd1eadc1ac3cb6f565a09f272"
      url: "https://pub.dev"
    source: hosted
    version: "6.1.5+1"
  record:
    dependency: "direct main"
    description:
      name: record
      sha256: "82539d1372e23cf51375fdfcba084f39912bcbf9a953b75d56596691f8f11c0f"
      url: "https://pub.dev"
    source: hosted
    version: "7.1.1"
  record_android:
    dependency: transitive
    description:
      name: record_android
      sha256: f5080279259c4ad769590f1c165762eaa4e414178adc2e2fab137103228e07ac
      url: "https://pub.dev"
    source: hosted
    version: "2.2.0"
  record_ios:
    dependency: transitive
    description:
      name: record_ios
      sha256: "21d189f49a598af4697dac4cc9e48389ac0a1fb3e916622b5504a58d9b96313e"
      url: "https://pub.dev"
    source: hosted
    version: "2.1.1"
  record_linux:
    dependency: transitive
    description:
      name: record_linux
      sha256: "766b3ebad3a318a42e06a5924f7eaf4d7e792f9b152d1d749f5b12c2a64bcef5"
      url: "https://pub.dev"
    source: hosted
    version: "2.1.2"
  record_macos:
    dependency: transitive
    description:
      name: record_macos
      sha256: ced7495abf3d683e8a7dbe8fc96df8ea5722837a26f922b7cb7c5de11661bb46
      url: "https://pub.dev"
    source: hosted
    version: "2.1.1"
  record_platform_interface:
    dependency: transitive
    description:
      name: record_platform_interface
      sha256: d94b37cadb8fe203e64b0e9893271c0b71b34f2550ee7fb0c6105d650e00c1f5
      url: "https://pub.dev"
    source: hosted
    version: "2.1.0"
  record_web:
    dependency: transitive
    description:
      name: record_web
      sha256: "7f6950be87abacb05cf77eb6ca200b60f2c2a6af5d50236b5f4baf53f92e755e"
      url: "https://pub.dev"
    source: hosted
    version: "2.1.3"
  record_windows:
    dependency: transitive
    description:
      name: record_windows
      sha256: "8195489a47b5e8246985d6213ff65aae1b14e32a0ca45dc5f680e8d503296e1b"
      url: "https://pub.dev"
    source: hosted
    version: "2.3.0"
  sanitize_html:
    dependency: transitive
    description:
      name: sanitize_html
      sha256: "60257e2b8fd8b13b7c755065c2639a6c800031bb5bd3e30a007fc6739c77b2e1"
      url: "https://pub.dev"
    source: hosted
    version: "2.2.0"
  simple_sparse_list:
    dependency: transitive
    description:
      name: simple_sparse_list
      sha256: aa648fd240fa39b49dcd11c19c266990006006de6699a412de485695910fbc1f
      url: "https://pub.dev"
    source: hosted
    version: "0.1.4"
  sky_engine:
    dependency: transitive
    description: flutter
    source: sdk
    version: "0.0.0"
  socket_io_client:
    dependency: "direct main"
    description:
      name: socket_io_client
      sha256: f5990ff303d385e7b2150f0e57cca097a8d20c6a2ae0a22cb2d496661ea8ed9b
      url: "https://pub.dev"
    source: hosted
    version: "3.1.6"
  socket_io_common:
    dependency: transitive
    description:
      name: socket_io_common
      sha256: "162fbaecbf4bf9a9372a62a341b3550b51dcef2f02f3e5830a297fd48203d45b"
      url: "https://pub.dev"
    source: hosted
    version: "3.1.1"
  source_span:
    dependency: transitive
    description:
      name: source_span
      sha256: "56a02f1f4cd1a2d96303c0144c93bd6d909eea6bee6bf5a0e0b685edbd4c47ab"
      url: "https://pub.dev"
    source: hosted
    version: "1.10.2"
  stack_trace:
    dependency: transitive
    description:
      name: stack_trace
      sha256: "277654b3034d17ac6f9f1cb5595db011b1d5d41e8806866db28e0abaa101c490"
      url: "https://pub.dev"
    source: hosted
    version: "1.12.2"
  stream_channel:
    dependency: transitive
    description:
      name: stream_channel
      sha256: "969e04c80b8bcdf826f8f16579c7b14d780458bd97f56d107d3950fdbeef059d"
      url: "https://pub.dev"
    source: hosted
    version: "2.1.4"
  stream_transform:
    dependency: transitive
    description:
      name: stream_transform
      sha256: a00e5f18bffc764f923e7dec1038527f7fe7a1791361a7117f0358193f13d53a
      url: "https://pub.dev"
    source: hosted
    version: "2.1.2"
  string_scanner:
    dependency: transitive
    description:
      name: string_scanner
      sha256: "921cd31725b72fe181906c6a94d987c78e3b98c2e205b397ea399d4054872b43"
      url: "https://pub.dev"
    source: hosted
    version: "1.4.1"
  term_glyph:
    dependency: transitive
    description:
      name: term_glyph
      sha256: "7f554798625ea768a7518313e58f83891c7f5024f88e46e7182a4558850a4b8e"
      url: "https://pub.dev"
    source: hosted
    version: "1.2.2"
  test_api:
    dependency: transitive
    description:
      name: test_api
      sha256: "2a122cbe059f8b610d3a5415f42e255b6c17b1f21eee1d960f31080237fb4f11"
      url: "https://pub.dev"
    source: hosted
    version: "0.7.12"
  typed_data:
    dependency: transitive
    description:
      name: typed_data
      sha256: f9049c039ebfeb4cf7a7104a675823cd72dba8297f264b6637062516699fa006
      url: "https://pub.dev"
    source: hosted
    version: "1.4.0"
  unicode:
    dependency: transitive
    description:
      name: unicode
      sha256: a6f7bcfc8ea1d5ce1f6c0b1c39117a9919f4953edd9fd7a64090a9796c499b57
      url: "https://pub.dev"
    source: hosted
    version: "1.1.9"
  uuid:
    dependency: transitive
    description:
      name: uuid
      sha256: "9b129329f58692f6e6578329498a8fe9fbe98f090beb764ffbb8ee2eadd01dcd"
      url: "https://pub.dev"
    source: hosted
    version: "4.6.0"
  vector_math:
    dependency: transitive
    description:
      name: vector_math
      sha256: "1d774bbdf6b72a0b12122fc1560c9c2d2a67db5a4a4cc2bd8a5c990ab20e3188"
      url: "https://pub.dev"
    source: hosted
    version: "2.4.0"
  vm_service:
    dependency: transitive
    description:
      name: vm_service
      sha256: "5f37239c4851efcef929cea7824e76df7f2f0970aef85d66bbc430afa40e72f0"
      url: "https://pub.dev"
    source: hosted
    version: "15.3.0"
  web:
    dependency: transitive
    description:
      name: web
      sha256: "868d88a33d8a87b18ffc05f9f030ba328ffefba92d6c127917a2ba740f9cfe4a"
      url: "https://pub.dev"
    source: hosted
    version: "1.1.1"
  web_socket:
    dependency: transitive
    description:
      name: web_socket
      sha256: "34d64019aa8e36bf9842ac014bb5d2f5586ca73df5e4d9bf5c936975cae6982c"
      url: "https://pub.dev"
    source: hosted
    version: "1.0.1"
  win32:
    dependency: transitive
    description:
      name: win32
      sha256: a0b93865d5644f11cf6a8c3f6db909f1ec168958b5805f6cc684adea957cd63d
      url: "https://pub.dev"
    source: hosted
    version: "6.4.0"
  wkt_parser:
    dependency: transitive
    description:
      name: wkt_parser
      sha256: "8a555fc60de3116c00aad67891bcab20f81a958e4219cc106e3c037aa3937f13"
      url: "https://pub.dev"
    source: hosted
    version: "2.0.0"
  xdg_directories:
    dependency: transitive
    description:
      name: xdg_directories
      sha256: "7a3f37b05d989967cdddcbb571f1ea834867ae2faa29725fd085180e0883aa15"
      url: "https://pub.dev"
    source: hosted
    version: "1.1.0"
  xml:
    dependency: transitive
    description:
      name: xml
      sha256: "67f0aff7be013d107995e9b75bf4e7f2c3ef2dfdb2c8e68024bba0a7fd5756a4"
      url: "https://pub.dev"
    source: hosted
    version: "7.0.1"
sdks:
  dart: ">=3.13.3 <4.0.0"
  flutter: ">=3.44.0"
